
Microsoft Visual Studio Solution File, Format Version 12.00
# Visual Studio Version 17
VisualStudioVersion = 17.5.33530.505
MinimumVisualStudioVersion = 10.0.40219.1
Project("{9A19103F-16F7-4668-BE54-9A1E7A4F7556}") = "TestAutomationFramework", "Test Automation Core\TestAutomationFramework.csproj", "{5464FC87-061D-42CA-B45C-5AFEEC91B51D}"
EndProject
Global
	GlobalSection(SolutionConfigurationPlatforms) = preSolution
		Debug|Any CPU = Debug|Any CPU
		Release|Any CPU = Release|Any CPU
	EndGlobalSection
	GlobalSection(ProjectConfigurationPlatforms) = postSolution
		{5464FC87-061D-42CA-B45C-5AFEEC91B51D}.Debug|Any CPU.ActiveCfg = Debug|Any CPU
		{5464FC87-061D-42CA-B45C-5AFEEC91B51D}.Debug|Any CPU.Build.0 = Debug|Any CPU
		{5464FC87-061D-42CA-B45C-5AFEEC91B51D}.Release|Any CPU.ActiveCfg = Release|Any CPU
		{5464FC87-061D-42CA-B45C-5AFEEC91B51D}.Release|Any CPU.Build.0 = Release|Any CPU
	EndGlobalSection
	GlobalSection(SolutionProperties) = preSolution
		HideSolutionNode = FALSE
	EndGlobalSection
	GlobalSection(ExtensibilityGlobals) = postSolution
		SolutionGuid = {F997D148-11F5-4272-B4BD-2C9835D92F65}
	EndGlobalSection
EndGlobal
